
Microsoft Visual Studio Solution File, Format Version 12.00
# Visual Studio 15
Project("{FAE04EC0-301F-11D3-BF4B-00C04F79EFBC}") = "API", "API\API.csproj", "{3CE50187-98F1-4F2B-921C-823948692CA0}"
EndProject
Project("{FAE04EC0-301F-11D3-BF4B-00C04F79EFBC}") = "FeatureLibrary", "Libraries\FeatureLibrary\FeatureLibrary.csproj", "{7A1C1B91-C393-4359-B34F-8439A0822D0B}"
EndProject
Project("{FAE04EC0-301F-11D3-BF4B-00C04F79EFBC}") = "UnitTests", "Tests\UnitTests\UnitTests.csproj", "{AB56127C-9284-4BE8-9E63-CBA5241CF895}"
EndProject
Project("{FAE04EC0-301F-11D3-BF4B-00C04F79EFBC}") = "IntegrationTests", "Tests\IntegrationTests\IntegrationTests.csproj", "{5290DFDD-AB29-4C44-B05C-3B97BC409A8B}"
EndProject
Project("{FAE04EC0-301F-11D3-BF4B-00C04F79EFBC}") = "CoreLibrary", "Libraries\CoreLibrary\CoreLibrary.csproj", "{2360BB76-8A9E-4613-9AF3-727655E11EA7}"
EndProject
Project("{2150E333-8FDC-42A3-9474-1A3956D46DE8}") = "Tests", "Tests", "{DB96E3E9-F22D-4AAB-AE00-BEBDC984A67D}"
EndProject
Project("{2150E333-8FDC-42A3-9474-1A3956D46DE8}") = "Libraries", "Libraries", "{7B254C79-16A5-4040-8AF7-51571B337F25}"
EndProject
Global
	GlobalSection(SolutionConfigurationPlatforms) = preSolution
		Debug|Any CPU = Debug|Any CPU
		Release|Any CPU = Release|Any CPU
	EndGlobalSection
	GlobalSection(ProjectConfigurationPlatforms) = postSolution
		{3CE50187-98F1-4F2B-921C-823948692CA0}.Debug|Any CPU.ActiveCfg = Debug|Any CPU
		{3CE50187-98F1-4F2B-921C-823948692CA0}.Debug|Any CPU.Build.0 = Debug|Any CPU
		{3CE50187-98F1-4F2B-921C-823948692CA0}.Release|Any CPU.ActiveCfg = Release|Any CPU
		{3CE50187-98F1-4F2B-921C-823948692CA0}.Release|Any CPU.Build.0 = Release|Any CPU
		{7A1C1B91-C393-4359-B34F-8439A0822D0B}.Debug|Any CPU.ActiveCfg = Debug|Any CPU
		{7A1C1B91-C393-4359-B34F-8439A0822D0B}.Debug|Any CPU.Build.0 = Debug|Any CPU
		{7A1C1B91-C393-4359-B34F-8439A0822D0B}.Release|Any CPU.ActiveCfg = Release|Any CPU
		{7A1C1B91-C393-4359-B34F-8439A0822D0B}.Release|Any CPU.Build.0 = Release|Any CPU
		{AB56127C-9284-4BE8-9E63-CBA5241CF895}.Debug|Any CPU.ActiveCfg = Debug|Any CPU
		{AB56127C-9284-4BE8-9E63-CBA5241CF895}.Debug|Any CPU.Build.0 = Debug|Any CPU
		{AB56127C-9284-4BE8-9E63-CBA5241CF895}.Release|Any CPU.ActiveCfg = Release|Any CPU
		{AB56127C-9284-4BE8-9E63-CBA5241CF895}.Release|Any CPU.Build.0 = Release|Any CPU
		{5290DFDD-AB29-4C44-B05C-3B97BC409A8B}.Debug|Any CPU.ActiveCfg = Debug|Any CPU
		{5290DFDD-AB29-4C44-B05C-3B97BC409A8B}.Debug|Any CPU.Build.0 = Debug|Any CPU
		{5290DFDD-AB29-4C44-B05C-3B97BC409A8B}.Release|Any CPU.ActiveCfg = Release|Any CPU
		{5290DFDD-AB29-4C44-B05C-3B97BC409A8B}.Release|Any CPU.Build.0 = Release|Any CPU
		{2360BB76-8A9E-4613-9AF3-727655E11EA7}.Debug|Any CPU.ActiveCfg = Debug|Any CPU
		{2360BB76-8A9E-4613-9AF3-727655E11EA7}.Debug|Any CPU.Build.0 = Debug|Any CPU
		{2360BB76-8A9E-4613-9AF3-727655E11EA7}.Release|Any CPU.ActiveCfg = Release|Any CPU
		{2360BB76-8A9E-4613-9AF3-727655E11EA7}.Release|Any CPU.Build.0 = Release|Any CPU
		{D305F014-6262-438F-BAA6-5922CA0AE850}.Debug|Any CPU.ActiveCfg = Debug|Any CPU
		{D305F014-6262-438F-BAA6-5922CA0AE850}.Debug|Any CPU.Build.0 = Debug|Any CPU
		{D305F014-6262-438F-BAA6-5922CA0AE850}.Release|Any CPU.ActiveCfg = Release|Any CPU
		{D305F014-6262-438F-BAA6-5922CA0AE850}.Release|Any CPU.Build.0 = Release|Any CPU
	EndGlobalSection
	GlobalSection(NestedProjects) = preSolution
		{5290DFDD-AB29-4C44-B05C-3B97BC409A8B} = {DB96E3E9-F22D-4AAB-AE00-BEBDC984A67D}
		{AB56127C-9284-4BE8-9E63-CBA5241CF895} = {DB96E3E9-F22D-4AAB-AE00-BEBDC984A67D}
		{2360BB76-8A9E-4613-9AF3-727655E11EA7} = {7B254C79-16A5-4040-8AF7-51571B337F25}
		{7A1C1B91-C393-4359-B34F-8439A0822D0B} = {7B254C79-16A5-4040-8AF7-51571B337F25}
	EndGlobalSection
EndGlobal
